{
  "name": "@appos/plugin-sdk",
  "lockfileVersion": 3,
  "requires": true,
  "packages": {
    "": {
      "name": "@appos/plugin-sdk",
      "workspaces": [
        "packages/*"
      ],
      "devDependencies": {
        "typescript": "^5.4.0"
      },
      "engines": {
        "node": ">=18"
      }
    },
    "node_modules/@appos/plugin-types": {
      "resolved": "packages/plugin-types",
      "link": true
    },
    "node_modules/@appos/plugin-utils": {
      "resolved": "packages/plugin-utils",
      "link": true
    },
    "node_modules/@appos/view-builders": {
      "resolved": "packages/view-builders",
      "link": true
    },
    "node_modules/typescript": {
      "version": "5.9.3",
      "resolved": "https://registry.npmjs.org/typescript/-/typescript-5.9.3.tgz",
      "integrity": "sha512-jl1vZzPDinLr9eUt3J/t7V6FgNEw9QjvBPdysz9KfQDD41fQrC2Y4vKQdiaUpFT4bXlb1RHhLpp8wtm6M5TgSw==",
      "dev": true,
      "license": "Apache-2.0",
      "bin": {
        "tsc": "bin/tsc",
        "tsserver": "bin/tsserver"
      },
      "engines": {
        "node": ">=14.17"
      }
    },
    "packages/plugin-types": {
      "name": "@appos/plugin-types",
      "version": "2.3.0",
      "license": "MIT",
      "devDependencies": {
        "typescript": "^5.4.0"
      }
    },
    "packages/plugin-utils": {
      "name": "@appos/plugin-utils",
      "version": "2.3.0",
      "license": "MIT",
      "devDependencies": {
        "typescript": "^5.4.0"
      }
    },
    "packages/view-builders": {
      "name": "@appos/view-builders",
      "version": "2.3.0",
      "license": "MIT",
      "dependencies": {
        "@appos/plugin-types": "*"
      },
      "devDependencies": {
        "typescript": "^5.4.0"
      }
    }
  }
}
